
Microsoft Visual Studio Solution File, Format Version 12.00
# Visual Studio Version 16
VisualStudioVersion = 16.0.31829.152
MinimumVisualStudioVersion = 10.0.40219.1
Project("{2150E333-8FDC-42A3-9474-1A3956D46DE8}") = "Web", "Web", "{DFFBD565-B9F7-49BA-A483-7AA65768B062}"
EndProject
Project("{2150E333-8FDC-42A3-9474-1A3956D46DE8}") = "Data", "Data", "{7C113A2E-2F44-4320-A49A-019B6615A274}"
EndProject
Project("{2150E333-8FDC-42A3-9474-1A3956D46DE8}") = "Services", "Services", "{8F79E3CD-4BCC-46DC-81C5-DF8DF1C6E606}"
EndProject
Project("{2150E333-8FDC-42A3-9474-1A3956D46DE8}") = "Tests", "Tests", "{8A65F881-9554-4861-830E-35C4B3E66886}"
EndProject
Project("{9A19103F-16F7-4668-BE54-9A1E7A4F7556}") = "CarPool.Common", "CarPool.Common\CarPool.Common.csproj", "{D242A770-46EB-4A69-85A9-5BFD5E4C44D5}"
EndProject
Project("{9A19103F-16F7-4668-BE54-9A1E7A4F7556}") = "CarPool.Data", "CarPool.Data\CarPool.Data.csproj", "{BDC78DFA-C630-48C1-9076-206F14066B48}"
	ProjectSection(ProjectDependencies) = postProject
		{D242A770-46EB-4A69-85A9-5BFD5E4C44D5} = {D242A770-46EB-4A69-85A9-5BFD5E4C44D5}
		{147A638F-0344-4920-8F40-673A57762F2D} = {147A638F-0344-4920-8F40-673A57762F2D}
		{B3EBDBC8-392B-4068-937C-1CADF7D52BEE} = {B3EBDBC8-392B-4068-937C-1CADF7D52BEE}
	EndProjectSection
EndProject
Project("{9A19103F-16F7-4668-BE54-9A1E7A4F7556}") = "CarPool.Data.Models", "CarPool.Data.Models\CarPool.Data.Models.csproj", "{B3EBDBC8-392B-4068-937C-1CADF7D52BEE}"
	ProjectSection(ProjectDependencies) = postProject
		{D242A770-46EB-4A69-85A9-5BFD5E4C44D5} = {D242A770-46EB-4A69-85A9-5BFD5E4C44D5}
		{147A638F-0344-4920-8F40-673A57762F2D} = {147A638F-0344-4920-8F40-673A57762F2D}
	EndProjectSection
EndProject
Project("{9A19103F-16F7-4668-BE54-9A1E7A4F7556}") = "CarPool.Services", "CarPool.Services\CarPool.Services.csproj", "{C2CEBC8E-744A-45BA-AFBE-B3898AF33181}"
EndProject
Project("{9A19103F-16F7-4668-BE54-9A1E7A4F7556}") = "CarPool.Services.Data", "CarPool.Services.Data\CarPool.Services.Data.csproj", "{06FB2A52-90D8-47E4-9BEB-149E2CAEAED5}"
	ProjectSection(ProjectDependencies) = postProject
		{11173C1C-2AD0-44AC-9257-59C88152CB37} = {11173C1C-2AD0-44AC-9257-59C88152CB37}
		{D242A770-46EB-4A69-85A9-5BFD5E4C44D5} = {D242A770-46EB-4A69-85A9-5BFD5E4C44D5}
		{B3EBDBC8-392B-4068-937C-1CADF7D52BEE} = {B3EBDBC8-392B-4068-937C-1CADF7D52BEE}
	EndProjectSection
EndProject
Project("{9A19103F-16F7-4668-BE54-9A1E7A4F7556}") = "CarPool.Services.Mapping", "CarPool.Services.Mapping\CarPool.Services.Mapping.csproj", "{11173C1C-2AD0-44AC-9257-59C88152CB37}"
EndProject
Project("{9A19103F-16F7-4668-BE54-9A1E7A4F7556}") = "CarPool.Web.ViewModels", "CarPool.Web.ViewModels\CarPool.Web.ViewModels.csproj", "{10064720-CE09-44A2-8AAA-9B7866B8760A}"
EndProject
Project("{9A19103F-16F7-4668-BE54-9A1E7A4F7556}") = "CarPool.Web.Infrastructure", "CarPool.Web.Infrastructure\CarPool.Web.Infrastructure.csproj", "{86BF1946-1678-4C2B-AD45-CBFACE302C01}"
EndProject
Project("{2150E333-8FDC-42A3-9474-1A3956D46DE8}") = "API", "API", "{9C58FE7C-20FD-4C48-A597-AAA467784CF1}"
EndProject
Project("{9A19103F-16F7-4668-BE54-9A1E7A4F7556}") = "CarPool.API", "CarPool.Api\CarPool.API.csproj", "{679E2BA5-751A-4411-9456-D9D2001D1EB6}"
	ProjectSection(ProjectDependencies) = postProject
		{11173C1C-2AD0-44AC-9257-59C88152CB37} = {11173C1C-2AD0-44AC-9257-59C88152CB37}
		{06FB2A52-90D8-47E4-9BEB-149E2CAEAED5} = {06FB2A52-90D8-47E4-9BEB-149E2CAEAED5}
		{D242A770-46EB-4A69-85A9-5BFD5E4C44D5} = {D242A770-46EB-4A69-85A9-5BFD5E4C44D5}
		{C2CEBC8E-744A-45BA-AFBE-B3898AF33181} = {C2CEBC8E-744A-45BA-AFBE-B3898AF33181}
		{147A638F-0344-4920-8F40-673A57762F2D} = {147A638F-0344-4920-8F40-673A57762F2D}
		{B3EBDBC8-392B-4068-937C-1CADF7D52BEE} = {B3EBDBC8-392B-4068-937C-1CADF7D52BEE}
		{BDC78DFA-C630-48C1-9076-206F14066B48} = {BDC78DFA-C630-48C1-9076-206F14066B48}
	EndProjectSection
EndProject
Project("{9A19103F-16F7-4668-BE54-9A1E7A4F7556}") = "CarPool.Data.Common", "CarPool.Data.Common\CarPool.Data.Common.csproj", "{147A638F-0344-4920-8F40-673A57762F2D}"
EndProject
Project("{9A19103F-16F7-4668-BE54-9A1E7A4F7556}") = "CarPool.API.Infrastructure", "CarPool.API.Infrastructure\CarPool.API.Infrastructure.csproj", "{1D0D4817-E401-4DCC-8EB2-B49FC8F6F03C}"
EndProject
Project("{FAE04EC0-301F-11D3-BF4B-00C04F79EFBC}") = "CarPool.Web", "CarPool.Web\CarPool.Web.csproj", "{4E0DB386-8B9B-49D7-AA21-6741FEBCBB3C}"
EndProject
Global
	GlobalSection(SolutionConfigurationPlatforms) = preSolution
		Debug|Any CPU = Debug|Any CPU
		Release|Any CPU = Release|Any CPU
	EndGlobalSection
	GlobalSection(ProjectConfigurationPlatforms) = postSolution
		{D242A770-46EB-4A69-85A9-5BFD5E4C44D5}.Debug|Any CPU.ActiveCfg = Debug|Any CPU
		{D242A770-46EB-4A69-85A9-5BFD5E4C44D5}.Debug|Any CPU.Build.0 = Debug|Any CPU
		{D242A770-46EB-4A69-85A9-5BFD5E4C44D5}.Release|Any CPU.ActiveCfg = Release|Any CPU
		{D242A770-46EB-4A69-85A9-5BFD5E4C44D5}.Release|Any CPU.Build.0 = Release|Any CPU
		{BDC78DFA-C630-48C1-9076-206F14066B48}.Debug|Any CPU.ActiveCfg = Debug|Any CPU
		{BDC78DFA-C630-48C1-9076-206F14066B48}.Debug|Any CPU.Build.0 = Debug|Any CPU
		{BDC78DFA-C630-48C1-9076-206F14066B48}.Release|Any CPU.ActiveCfg = Release|Any CPU
		{BDC78DFA-C630-48C1-9076-206F14066B48}.Release|Any CPU.Build.0 = Release|Any CPU
		{B3EBDBC8-392B-4068-937C-1CADF7D52BEE}.Debug|Any CPU.ActiveCfg = Debug|Any CPU
		{B3EBDBC8-392B-4068-937C-1CADF7D52BEE}.Debug|Any CPU.Build.0 = Debug|Any CPU
		{B3EBDBC8-392B-4068-937C-1CADF7D52BEE}.Release|Any CPU.ActiveCfg = Release|Any CPU
		{B3EBDBC8-392B-4068-937C-1CADF7D52BEE}.Release|Any CPU.Build.0 = Release|Any CPU
		{C2CEBC8E-744A-45BA-AFBE-B3898AF33181}.Debug|Any CPU.ActiveCfg = Debug|Any CPU
		{C2CEBC8E-744A-45BA-AFBE-B3898AF33181}.Debug|Any CPU.Build.0 = Debug|Any CPU
		{C2CEBC8E-744A-45BA-AFBE-B3898AF33181}.Release|Any CPU.ActiveCfg = Release|Any CPU
		{C2CEBC8E-744A-45BA-AFBE-B3898AF33181}.Release|Any CPU.Build.0 = Release|Any CPU
		{06FB2A52-90D8-47E4-9BEB-149E2CAEAED5}.Debug|Any CPU.ActiveCfg = Debug|Any CPU
		{06FB2A52-90D8-47E4-9BEB-149E2CAEAED5}.Debug|Any CPU.Build.0 = Debug|Any CPU
		{06FB2A52-90D8-47E4-9BEB-149E2CAEAED5}.Release|Any CPU.ActiveCfg = Release|Any CPU
		{06FB2A52-90D8-47E4-9BEB-149E2CAEAED5}.Release|Any CPU.Build.0 = Release|Any CPU
		{11173C1C-2AD0-44AC-9257-59C88152CB37}.Debug|Any CPU.ActiveCfg = Debug|Any CPU
		{11173C1C-2AD0-44AC-9257-59C88152CB37}.Debug|Any CPU.Build.0 = Debug|Any CPU
		{11173C1C-2AD0-44AC-9257-59C88152CB37}.Release|Any CPU.ActiveCfg = Release|Any CPU
		{11173C1C-2AD0-44AC-9257-59C88152CB37}.Release|Any CPU.Build.0 = Release|Any CPU
		{10064720-CE09-44A2-8AAA-9B7866B8760A}.Debug|Any CPU.ActiveCfg = Debug|Any CPU
		{10064720-CE09-44A2-8AAA-9B7866B8760A}.Debug|Any CPU.Build.0 = Debug|Any CPU
		{10064720-CE09-44A2-8AAA-9B7866B8760A}.Release|Any CPU.ActiveCfg = Release|Any CPU
		{10064720-CE09-44A2-8AAA-9B7866B8760A}.Release|Any CPU.Build.0 = Release|Any CPU
		{86BF1946-1678-4C2B-AD45-CBFACE302C01}.Debug|Any CPU.ActiveCfg = Debug|Any CPU
		{86BF1946-1678-4C2B-AD45-CBFACE302C01}.Debug|Any CPU.Build.0 = Debug|Any CPU
		{86BF1946-1678-4C2B-AD45-CBFACE302C01}.Release|Any CPU.ActiveCfg = Release|Any CPU
		{86BF1946-1678-4C2B-AD45-CBFACE302C01}.Release|Any CPU.Build.0 = Release|Any CPU
		{679E2BA5-751A-4411-9456-D9D2001D1EB6}.Debug|Any CPU.ActiveCfg = Debug|Any CPU
		{679E2BA5-751A-4411-9456-D9D2001D1EB6}.Debug|Any CPU.Build.0 = Debug|Any CPU
		{679E2BA5-751A-4411-9456-D9D2001D1EB6}.Release|Any CPU.ActiveCfg = Release|Any CPU
		{679E2BA5-751A-4411-9456-D9D2001D1EB6}.Release|Any CPU.Build.0 = Release|Any CPU
		{147A638F-0344-4920-8F40-673A57762F2D}.Debug|Any CPU.ActiveCfg = Debug|Any CPU
		{147A638F-0344-4920-8F40-673A57762F2D}.Debug|Any CPU.Build.0 = Debug|Any CPU
		{147A638F-0344-4920-8F40-673A57762F2D}.Release|Any CPU.ActiveCfg = Release|Any CPU
		{147A638F-0344-4920-8F40-673A57762F2D}.Release|Any CPU.Build.0 = Release|Any CPU
		{1D0D4817-E401-4DCC-8EB2-B49FC8F6F03C}.Debug|Any CPU.ActiveCfg = Debug|Any CPU
		{1D0D4817-E401-4DCC-8EB2-B49FC8F6F03C}.Debug|Any CPU.Build.0 = Debug|Any CPU
		{1D0D4817-E401-4DCC-8EB2-B49FC8F6F03C}.Release|Any CPU.ActiveCfg = Release|Any CPU
		{1D0D4817-E401-4DCC-8EB2-B49FC8F6F03C}.Release|Any CPU.Build.0 = Release|Any CPU
		{4E0DB386-8B9B-49D7-AA21-6741FEBCBB3C}.Debug|Any CPU.ActiveCfg = Debug|Any CPU
		{4E0DB386-8B9B-49D7-AA21-6741FEBCBB3C}.Debug|Any CPU.Build.0 = Debug|Any CPU
		{4E0DB386-8B9B-49D7-AA21-6741FEBCBB3C}.Release|Any CPU.ActiveCfg = Release|Any CPU
		{4E0DB386-8B9B-49D7-AA21-6741FEBCBB3C}.Release|Any CPU.Build.0 = Release|Any CPU
	EndGlobalSection
	GlobalSection(SolutionProperties) = preSolution
		HideSolutionNode = FALSE
	EndGlobalSection
	GlobalSection(NestedProjects) = preSolution
		{BDC78DFA-C630-48C1-9076-206F14066B48} = {7C113A2E-2F44-4320-A49A-019B6615A274}
		{B3EBDBC8-392B-4068-937C-1CADF7D52BEE} = {7C113A2E-2F44-4320-A49A-019B6615A274}
		{C2CEBC8E-744A-45BA-AFBE-B3898AF33181} = {8F79E3CD-4BCC-46DC-81C5-DF8DF1C6E606}
		{06FB2A52-90D8-47E4-9BEB-149E2CAEAED5} = {8F79E3CD-4BCC-46DC-81C5-DF8DF1C6E606}
		{11173C1C-2AD0-44AC-9257-59C88152CB37} = {8F79E3CD-4BCC-46DC-81C5-DF8DF1C6E606}
		{10064720-CE09-44A2-8AAA-9B7866B8760A} = {DFFBD565-B9F7-49BA-A483-7AA65768B062}
		{86BF1946-1678-4C2B-AD45-CBFACE302C01} = {DFFBD565-B9F7-49BA-A483-7AA65768B062}
		{679E2BA5-751A-4411-9456-D9D2001D1EB6} = {9C58FE7C-20FD-4C48-A597-AAA467784CF1}
		{147A638F-0344-4920-8F40-673A57762F2D} = {7C113A2E-2F44-4320-A49A-019B6615A274}
		{1D0D4817-E401-4DCC-8EB2-B49FC8F6F03C} = {9C58FE7C-20FD-4C48-A597-AAA467784CF1}
		{4E0DB386-8B9B-49D7-AA21-6741FEBCBB3C} = {DFFBD565-B9F7-49BA-A483-7AA65768B062}
	EndGlobalSection
	GlobalSection(ExtensibilityGlobals) = postSolution
		SolutionGuid = {10E06D77-F505-4E84-A2C0-02E7B62F5827}
	EndGlobalSection
EndGlobal
